// !$*UTF8*$!
{
	archiveVersion = 1;
	classes = {
	};
	objectVersion = 56;
	objects = {

/* Begin PBXBuildFile section */
		743418232B06C66E008390D7 /* ProfileAssembly.swift in Sources */ = {isa = PBXBuildFile; fileRef = 743418222B06C66E008390D7 /* ProfileAssembly.swift */; };
		743418252B06C685008390D7 /* ProfileViewController.swift in Sources */ = {isa = PBXBuildFile; fileRef = 743418242B06C685008390D7 /* ProfileViewController.swift */; };
		743418272B06CC23008390D7 /* ProfilePresenter.swift in Sources */ = {isa = PBXBuildFile; fileRef = 743418262B06CC23008390D7 /* ProfilePresenter.swift */; };
		743418292B06CC2D008390D7 /* ProfileProtocols.swift in Sources */ = {isa = PBXBuildFile; fileRef = 743418282B06CC2D008390D7 /* ProfileProtocols.swift */; };
		7434182B2B06CF5F008390D7 /* ProfileViewModel.swift in Sources */ = {isa = PBXBuildFile; fileRef = 7434182A2B06CF5F008390D7 /* ProfileViewModel.swift */; };
		7434182D2B06CF6D008390D7 /* ProfileHeaderModel.swift in Sources */ = {isa = PBXBuildFile; fileRef = 7434182C2B06CF6D008390D7 /* ProfileHeaderModel.swift */; };
		747BBFC22AF31594003AC739 /* AppDelegate.swift in Sources */ = {isa = PBXBuildFile; fileRef = 747BBFC12AF31594003AC739 /* AppDelegate.swift */; };
		747BBFC42AF31594003AC739 /* SceneDelegate.swift in Sources */ = {isa = PBXBuildFile; fileRef = 747BBFC32AF31594003AC739 /* SceneDelegate.swift */; };
		747BBFC62AF31594003AC739 /* TabBarController.swift in Sources */ = {isa = PBXBuildFile; fileRef = 747BBFC52AF31594003AC739 /* TabBarController.swift */; };
		747BBFCC2AF31594003AC739 /* PokaNetFilms.xcdatamodeld in Sources */ = {isa = PBXBuildFile; fileRef = 747BBFCA2AF31594003AC739 /* PokaNetFilms.xcdatamodeld */; };
		747BBFCE2AF31595003AC739 /* Assets.xcassets in Resources */ = {isa = PBXBuildFile; fileRef = 747BBFCD2AF31595003AC739 /* Assets.xcassets */; };
		747BBFD12AF31595003AC739 /* LaunchScreen.storyboard in Resources */ = {isa = PBXBuildFile; fileRef = 747BBFCF2AF31595003AC739 /* LaunchScreen.storyboard */; };
		748A3BEF2B09B9F6007F5154 /* ProfileFavouriteFilmCell.swift in Sources */ = {isa = PBXBuildFile; fileRef = 748A3BEE2B09B9F6007F5154 /* ProfileFavouriteFilmCell.swift */; };
		748A3BF32B09C607007F5154 /* ProfileFavouriteFilmsModel.swift in Sources */ = {isa = PBXBuildFile; fileRef = 748A3BF22B09C607007F5154 /* ProfileFavouriteFilmsModel.swift */; };
		74BC82AF2B1113CE00B53E34 /* ProfileMessageCell.swift in Sources */ = {isa = PBXBuildFile; fileRef = 74BC82AE2B1113CE00B53E34 /* ProfileMessageCell.swift */; };
		74BC82B12B11143600B53E34 /* ProfileHeaderView.swift in Sources */ = {isa = PBXBuildFile; fileRef = 74BC82B02B11143600B53E34 /* ProfileHeaderView.swift */; };
		74FC586F2B0956A8004EBC81 /* ProfileHeaderCell.swift in Sources */ = {isa = PBXBuildFile; fileRef = 74FC586E2B0956A8004EBC81 /* ProfileHeaderCell.swift */; };
/* End PBXBuildFile section */

/* Begin PBXFileReference section */
		743418222B06C66E008390D7 /* ProfileAssembly.swift */ = {isa = PBXFileReference; lastKnownFileType = sourcecode.swift; path = ProfileAssembly.swift; sourceTree = "<group>"; };
		743418242B06C685008390D7 /* ProfileViewController.swift */ = {isa = PBXFileReference; lastKnownFileType = sourcecode.swift; path = ProfileViewController.swift; sourceTree = "<group>"; };
		743418262B06CC23008390D7 /* ProfilePresenter.swift */ = {isa = PBXFileReference; lastKnownFileType = sourcecode.swift; path = ProfilePresenter.swift; sourceTree = "<group>"; };
		743418282B06CC2D008390D7 /* ProfileProtocols.swift */ = {isa = PBXFileReference; lastKnownFileType = sourcecode.swift; path = ProfileProtocols.swift; sourceTree = "<group>"; };
		7434182A2B06CF5F008390D7 /* ProfileViewModel.swift */ = {isa = PBXFileReference; lastKnownFileType = sourcecode.swift; path = ProfileViewModel.swift; sourceTree = "<group>"; };
		7434182C2B06CF6D008390D7 /* ProfileHeaderModel.swift */ = {isa = PBXFileReference; lastKnownFileType = sourcecode.swift; path = ProfileHeaderModel.swift; sourceTree = "<group>"; };
		747BBFBE2AF31594003AC739 /* PokaNetFilms.app */ = {isa = PBXFileReference; explicitFileType = wrapper.application; includeInIndex = 0; path = PokaNetFilms.app; sourceTree = BUILT_PRODUCTS_DIR; };
		747BBFC12AF31594003AC739 /* AppDelegate.swift */ = {isa = PBXFileReference; lastKnownFileType = sourcecode.swift; path = AppDelegate.swift; sourceTree = "<group>"; };
		747BBFC32AF31594003AC739 /* SceneDelegate.swift */ = {isa = PBXFileReference; lastKnownFileType = sourcecode.swift; path = SceneDelegate.swift; sourceTree = "<group>"; };
		747BBFC52AF31594003AC739 /* TabBarController.swift */ = {isa = PBXFileReference; lastKnownFileType = sourcecode.swift; path = TabBarController.swift; sourceTree = "<group>"; };
		747BBFCB2AF31594003AC739 /* PokaNetFilms.xcdatamodel */ = {isa = PBXFileReference; lastKnownFileType = wrapper.xcdatamodel; path = PokaNetFilms.xcdatamodel; sourceTree = "<group>"; };
		747BBFCD2AF31595003AC739 /* Assets.xcassets */ = {isa = PBXFileReference; lastKnownFileType = folder.assetcatalog; path = Assets.xcassets; sourceTree = "<group>"; };
		747BBFD02AF31595003AC739 /* Base */ = {isa = PBXFileReference; lastKnownFileType = file.storyboard; name = Base; path = Base.lproj/LaunchScreen.storyboard; sourceTree = "<group>"; };
		747BBFD22AF31595003AC739 /* Info.plist */ = {isa = PBXFileReference; lastKnownFileType = text.plist.xml; path = Info.plist; sourceTree = "<group>"; };
		748A3BEE2B09B9F6007F5154 /* ProfileFavouriteFilmCell.swift */ = {isa = PBXFileReference; lastKnownFileType = sourcecode.swift; path = ProfileFavouriteFilmCell.swift; sourceTree = "<group>"; };
		748A3BF22B09C607007F5154 /* ProfileFavouriteFilmsModel.swift */ = {isa = PBXFileReference; lastKnownFileType = sourcecode.swift; path = ProfileFavouriteFilmsModel.swift; sourceTree = "<group>"; };
		74BC82AE2B1113CE00B53E34 /* ProfileMessageCell.swift */ = {isa = PBXFileReference; lastKnownFileType = sourcecode.swift; path = ProfileMessageCell.swift; sourceTree = "<group>"; };
		74BC82B02B11143600B53E34 /* ProfileHeaderView.swift */ = {isa = PBXFileReference; lastKnownFileType = sourcecode.swift; path = ProfileHeaderView.swift; sourceTree = "<group>"; };
		74FC586E2B0956A8004EBC81 /* ProfileHeaderCell.swift */ = {isa = PBXFileReference; lastKnownFileType = sourcecode.swift; path = ProfileHeaderCell.swift; sourceTree = "<group>"; };
/* End PBXFileReference section */

/* Begin PBXFrameworksBuildPhase section */
		747BBFBB2AF31594003AC739 /* Frameworks */ = {
			isa = PBXFrameworksBuildPhase;
			buildActionMask = 2147483647;
			files = (
			);
			runOnlyForDeploymentPostprocessing = 0;
		};
/* End PBXFrameworksBuildPhase section */

/* Begin PBXGroup section */
		7434181E2B06C5BD008390D7 /* Application */ = {
			isa = PBXGroup;
			children = (
				747BBFC12AF31594003AC739 /* AppDelegate.swift */,
				747BBFC32AF31594003AC739 /* SceneDelegate.swift */,
			);
			path = Application;
			sourceTree = "<group>";
		};
		7434181F2B06C5D1008390D7 /* SupportingFiles */ = {
			isa = PBXGroup;
			children = (
				747BBFCD2AF31595003AC739 /* Assets.xcassets */,
				747BBFCF2AF31595003AC739 /* LaunchScreen.storyboard */,
				747BBFD22AF31595003AC739 /* Info.plist */,
			);
			path = SupportingFiles;
			sourceTree = "<group>";
		};
		743418202B06C62F008390D7 /* TabBar */ = {
			isa = PBXGroup;
			children = (
				747BBFC52AF31594003AC739 /* TabBarController.swift */,
			);
			path = TabBar;
			sourceTree = "<group>";
		};
		743418212B06C64A008390D7 /* ProfileScene */ = {
			isa = PBXGroup;
			children = (
				743418222B06C66E008390D7 /* ProfileAssembly.swift */,
				743418282B06CC2D008390D7 /* ProfileProtocols.swift */,
				748A3BF02B09BA10007F5154 /* Presenter */,
				748A3BF12B09BA2D007F5154 /* View */,
				7434182E2B06CF71008390D7 /* Models */,
			);
			path = ProfileScene;
			sourceTree = "<group>";
		};
		7434182E2B06CF71008390D7 /* Models */ = {
			isa = PBXGroup;
			children = (
				7434182A2B06CF5F008390D7 /* ProfileViewModel.swift */,
				7434182C2B06CF6D008390D7 /* ProfileHeaderModel.swift */,
				748A3BF22B09C607007F5154 /* ProfileFavouriteFilmsModel.swift */,
			);
			path = Models;
			sourceTree = "<group>";
		};
		747BBFB52AF31594003AC739 = {
			isa = PBXGroup;
			children = (
				747BBFC02AF31594003AC739 /* PokaNetFilms */,
				747BBFBF2AF31594003AC739 /* Products */,
			);
			sourceTree = "<group>";
		};
		747BBFBF2AF31594003AC739 /* Products */ = {
			isa = PBXGroup;
			children = (
				747BBFBE2AF31594003AC739 /* PokaNetFilms.app */,
			);
			name = Products;
			sourceTree = "<group>";
		};
		747BBFC02AF31594003AC739 /* PokaNetFilms */ = {
			isa = PBXGroup;
			children = (
				7434181E2B06C5BD008390D7 /* Application */,
				743418202B06C62F008390D7 /* TabBar */,
				743418212B06C64A008390D7 /* ProfileScene */,
				7434181F2B06C5D1008390D7 /* SupportingFiles */,
				747BBFCA2AF31594003AC739 /* PokaNetFilms.xcdatamodeld */,
			);
			path = PokaNetFilms;
			sourceTree = "<group>";
		};
		748A3BF02B09BA10007F5154 /* Presenter */ = {
			isa = PBXGroup;
			children = (
				743418262B06CC23008390D7 /* ProfilePresenter.swift */,
			);
			path = Presenter;
			sourceTree = "<group>";
		};
		748A3BF12B09BA2D007F5154 /* View */ = {
			isa = PBXGroup;
			children = (
				743418242B06C685008390D7 /* ProfileViewController.swift */,
				74FC586E2B0956A8004EBC81 /* ProfileHeaderCell.swift */,
				748A3BEE2B09B9F6007F5154 /* ProfileFavouriteFilmCell.swift */,
				74BC82B02B11143600B53E34 /* ProfileHeaderView.swift */,
				74BC82AE2B1113CE00B53E34 /* ProfileMessageCell.swift */,
			);
			path = View;
			sourceTree = "<group>";
		};
/* End PBXGroup section */

/* Begin PBXNativeTarget section */
		747BBFBD2AF31594003AC739 /* PokaNetFilms */ = {
			isa = PBXNativeTarget;
			buildConfigurationList = 747BBFD52AF31595003AC739 /* Build configuration list for PBXNativeTarget "PokaNetFilms" */;
			buildPhases = (
				747BBFBA2AF31594003AC739 /* Sources */,
				747BBFBB2AF31594003AC739 /* Frameworks */,
				747BBFBC2AF31594003AC739 /* Resources */,
			);
			buildRules = (
			);
			dependencies = (
			);
			name = PokaNetFilms;
			productName = PokaNetFilms;
			productReference = 747BBFBE2AF31594003AC739 /* PokaNetFilms.app */;
			productType = "com.apple.product-type.application";
		};
/* End PBXNativeTarget section */

/* Begin PBXProject section */
		747BBFB62AF31594003AC739 /* Project object */ = {
			isa = PBXProject;
			attributes = {
				BuildIndependentTargetsInParallel = 1;
				LastSwiftUpdateCheck = 1500;
				LastUpgradeCheck = 1500;
				TargetAttributes = {
					747BBFBD2AF31594003AC739 = {
						CreatedOnToolsVersion = 15.0;
					};
				};
			};
			buildConfigurationList = 747BBFB92AF31594003AC739 /* Build configuration list for PBXProject "PokaNetFilms" */;
			compatibilityVersion = "Xcode 14.0";
			developmentRegion = en;
			hasScannedForEncodings = 0;
			knownRegions = (
				en,
				Base,
			);
			mainGroup = 747BBFB52AF31594003AC739;
			productRefGroup = 747BBFBF2AF31594003AC739 /* Products */;
			projectDirPath = "";
			projectRoot = "";
			targets = (
				747BBFBD2AF31594003AC739 /* PokaNetFilms */,
			);
		};
/* End PBXProject section */

/* Begin PBXResourcesBuildPhase section */
		747BBFBC2AF31594003AC739 /* Resources */ = {
			isa = PBXResourcesBuildPhase;
			buildActionMask = 2147483647;
			files = (
				747BBFD12AF31595003AC739 /* LaunchScreen.storyboard in Resources */,
				747BBFCE2AF31595003AC739 /* Assets.xcassets in Resources */,
			);
			runOnlyForDeploymentPostprocessing = 0;
		};
/* End PBXResourcesBuildPhase section */

/* Begin PBXSourcesBuildPhase section */
		747BBFBA2AF31594003AC739 /* Sources */ = {
			isa = PBXSourcesBuildPhase;
			buildActionMask = 2147483647;
			files = (
				743418252B06C685008390D7 /* ProfileViewController.swift in Sources */,
				743418232B06C66E008390D7 /* ProfileAssembly.swift in Sources */,
				747BBFC62AF31594003AC739 /* TabBarController.swift in Sources */,
				74BC82AF2B1113CE00B53E34 /* ProfileMessageCell.swift in Sources */,
				7434182D2B06CF6D008390D7 /* ProfileHeaderModel.swift in Sources */,
				7434182B2B06CF5F008390D7 /* ProfileViewModel.swift in Sources */,
				743418272B06CC23008390D7 /* ProfilePresenter.swift in Sources */,
				74BC82B12B11143600B53E34 /* ProfileHeaderView.swift in Sources */,
				74FC586F2B0956A8004EBC81 /* ProfileHeaderCell.swift in Sources */,
				747BBFC22AF31594003AC739 /* AppDelegate.swift in Sources */,
				747BBFCC2AF31594003AC739 /* PokaNetFilms.xcdatamodeld in Sources */,
				748A3BEF2B09B9F6007F5154 /* ProfileFavouriteFilmCell.swift in Sources */,
				748A3BF32B09C607007F5154 /* ProfileFavouriteFilmsModel.swift in Sources */,
				747BBFC42AF31594003AC739 /* SceneDelegate.swift in Sources */,
				743418292B06CC2D008390D7 /* ProfileProtocols.swift in Sources */,
			);
			runOnlyForDeploymentPostprocessing = 0;
		};
/* End PBXSourcesBuildPhase section */

/* Begin PBXVariantGroup section */
		747BBFCF2AF31595003AC739 /* LaunchScreen.storyboard */ = {
			isa = PBXVariantGroup;
			children = (
				747BBFD02AF31595003AC739 /* Base */,
			);
			name = LaunchScreen.storyboard;
			sourceTree = "<group>";
		};
/* End PBXVariantGroup section */

/* Begin XCBuildConfiguration section */
		747BBFD32AF31595003AC739 /* Debug */ = {
			isa = XCBuildConfiguration;
			buildSettings = {
				ALWAYS_SEARCH_USER_PATHS = NO;
				ASSETCATALOG_COMPILER_GENERATE_SWIFT_ASSET_SYMBOL_EXTENSIONS = YES;
				CLANG_ANALYZER_NONNULL = YES;
				CLANG_ANALYZER_NUMBER_OBJECT_CONVERSION = YES_AGGRESSIVE;
				CLANG_CXX_LANGUAGE_STANDARD = "gnu++20";
				CLANG_ENABLE_MODULES = YES;
				CLANG_ENABLE_OBJC_ARC = YES;
				CLANG_ENABLE_OBJC_WEAK = YES;
				CLANG_WARN_BLOCK_CAPTURE_AUTORELEASING = YES;
				CLANG_WARN_BOOL_CONVERSION = YES;
				CLANG_WARN_COMMA = YES;
				CLANG_WARN_CONSTANT_CONVERSION = YES;
				CLANG_WARN_DEPRECATED_OBJC_IMPLEMENTATIONS = YES;
				CLANG_WARN_DIRECT_OBJC_ISA_USAGE = YES_ERROR;
				CLANG_WARN_DOCUMENTATION_COMMENTS = YES;
				CLANG_WARN_EMPTY_BODY = YES;
				CLANG_WARN_ENUM_CONVERSION = YES;
				CLANG_WARN_INFINITE_RECURSION = YES;
				CLANG_WARN_INT_CONVERSION = YES;
				CLANG_WARN_NON_LITERAL_NULL_CONVERSION = YES;
				CLANG_WARN_OBJC_IMPLICIT_RETAIN_SELF = YES;
				CLANG_WARN_OBJC_LITERAL_CONVERSION = YES;
				CLANG_WARN_OBJC_ROOT_CLASS = YES_ERROR;
				CLANG_WARN_QUOTED_INCLUDE_IN_FRAMEWORK_HEADER = YES;
				CLANG_WARN_RANGE_LOOP_ANALYSIS = YES;
				CLANG_WARN_STRICT_PROTOTYPES = YES;
				CLANG_WARN_SUSPICIOUS_MOVE = YES;
				CLANG_WARN_UNGUARDED_AVAILABILITY = YES_AGGRESSIVE;
				CLANG_WARN_UNREACHABLE_CODE = YES;
				CLANG_WARN__DUPLICATE_METHOD_MATCH = YES;
				COPY_PHASE_STRIP = NO;
				DEBUG_INFORMATION_FORMAT = dwarf;
				ENABLE_STRICT_OBJC_MSGSEND = YES;
				ENABLE_TESTABILITY = YES;
				ENABLE_USER_SCRIPT_SANDBOXING = YES;
				GCC_C_LANGUAGE_STANDARD = gnu17;
				GCC_DYNAMIC_NO_PIC = NO;
				GCC_NO_COMMON_BLOCKS = YES;
				GCC_OPTIMIZATION_LEVEL = 0;
				GCC_PREPROCESSOR_DEFINITIONS = (
					"DEBUG=1",
					"$(inherited)",
				);
				GCC_WARN_64_TO_32_BIT_CONVERSION = YES;
				GCC_WARN_ABOUT_RETURN_TYPE = YES_ERROR;
				GCC_WARN_UNDECLARED_SELECTOR = YES;
				GCC_WARN_UNINITIALIZED_AUTOS = YES_AGGRESSIVE;
				GCC_WARN_UNUSED_FUNCTION = YES;
				GCC_WARN_UNUSED_VARIABLE = YES;
				IPHONEOS_DEPLOYMENT_TARGET = 17.0;
				LOCALIZATION_PREFERS_STRING_CATALOGS = YES;
				MTL_ENABLE_DEBUG_INFO = INCLUDE_SOURCE;
				MTL_FAST_MATH = YES;
				ONLY_ACTIVE_ARCH = YES;
				SDKROOT = iphoneos;
				SWIFT_ACTIVE_COMPILATION_CONDITIONS = "DEBUG $(inherited)";
				SWIFT_OPTIMIZATION_LEVEL = "-Onone";
			};
			name = Debug;
		};
		747BBFD42AF31595003AC739 /* Release */ = {
			isa = XCBuildConfiguration;
			buildSettings = {
				ALWAYS_SEARCH_USER_PATHS = NO;
				ASSETCATALOG_COMPILER_GENERATE_SWIFT_ASSET_SYMBOL_EXTENSIONS = YES;
				CLANG_ANALYZER_NONNULL = YES;
				CLANG_ANALYZER_NUMBER_OBJECT_CONVERSION = YES_AGGRESSIVE;
				CLANG_CXX_LANGUAGE_STANDARD = "gnu++20";
				CLANG_ENABLE_MODULES = YES;
				CLANG_ENABLE_OBJC_ARC = YES;
				CLANG_ENABLE_OBJC_WEAK = YES;
				CLANG_WARN_BLOCK_CAPTURE_AUTORELEASING = YES;
				CLANG_WARN_BOOL_CONVERSION = YES;
				CLANG_WARN_COMMA = YES;
				CLANG_WARN_CONSTANT_CONVERSION = YES;
				CLANG_WARN_DEPRECATED_OBJC_IMPLEMENTATIONS = YES;
				CLANG_WARN_DIRECT_OBJC_ISA_USAGE = YES_ERROR;
				CLANG_WARN_DOCUMENTATION_COMMENTS = YES;
				CLANG_WARN_EMPTY_BODY = YES;
				CLANG_WARN_ENUM_CONVERSION = YES;
				CLANG_WARN_INFINITE_RECURSION = YES;
				CLANG_WARN_INT_CONVERSION = YES;
				CLANG_WARN_NON_LITERAL_NULL_CONVERSION = YES;
				CLANG_WARN_OBJC_IMPLICIT_RETAIN_SELF = YES;
				CLANG_WARN_OBJC_LITERAL_CONVERSION = YES;
				CLANG_WARN_OBJC_ROOT_CLASS = YES_ERROR;
				CLANG_WARN_QUOTED_INCLUDE_IN_FRAMEWORK_HEADER = YES;
				CLANG_WARN_RANGE_LOOP_ANALYSIS = YES;
				CLANG_WARN_STRICT_PROTOTYPES = YES;
				CLANG_WARN_SUSPICIOUS_MOVE = YES;
				CLANG_WARN_UNGUARDED_AVAILABILITY = YES_AGGRESSIVE;
				CLANG_WARN_UNREACHABLE_CODE = YES;
				CLANG_WARN__DUPLICATE_METHOD_MATCH = YES;
				COPY_PHASE_STRIP = NO;
				DEBUG_INFORMATION_FORMAT = "dwarf-with-dsym";
				ENABLE_NS_ASSERTIONS = NO;
				ENABLE_STRICT_OBJC_MSGSEND = YES;
				ENABLE_USER_SCRIPT_SANDBOXING = YES;
				GCC_C_LANGUAGE_STANDARD = gnu17;
				GCC_NO_COMMON_BLOCKS = YES;
				GCC_WARN_64_TO_32_BIT_CONVERSION = YES;
				GCC_WARN_ABOUT_RETURN_TYPE = YES_ERROR;
				GCC_WARN_UNDECLARED_SELECTOR = YES;
				GCC_WARN_UNINITIALIZED_AUTOS = YES_AGGRESSIVE;
				GCC_WARN_UNUSED_FUNCTION = YES;
				GCC_WARN_UNUSED_VARIABLE = YES;
				IPHONEOS_DEPLOYMENT_TARGET = 17.0;
				LOCALIZATION_PREFERS_STRING_CATALOGS = YES;
				MTL_ENABLE_DEBUG_INFO = NO;
				MTL_FAST_MATH = YES;
				SDKROOT = iphoneos;
				SWIFT_COMPILATION_MODE = wholemodule;
				VALIDATE_PRODUCT = YES;
			};
			name = Release;
		};
		747BBFD62AF31595003AC739 /* Debug */ = {
			isa = XCBuildConfiguration;
			buildSettings = {
				ASSETCATALOG_COMPILER_APPICON_NAME = AppIcon;
				ASSETCATALOG_COMPILER_GLOBAL_ACCENT_COLOR_NAME = AccentColor;
				CODE_SIGN_STYLE = Automatic;
				CURRENT_PROJECT_VERSION = 1;
				GENERATE_INFOPLIST_FILE = YES;
				INFOPLIST_FILE = PokaNetFilms/SupportingFiles/Info.plist;
				INFOPLIST_KEY_UIApplicationSupportsIndirectInputEvents = YES;
				INFOPLIST_KEY_UILaunchStoryboardName = LaunchScreen;
				INFOPLIST_KEY_UIMainStoryboardFile = "";
				INFOPLIST_KEY_UISupportedInterfaceOrientations = UIInterfaceOrientationPortrait;
				INFOPLIST_KEY_UISupportedInterfaceOrientations_iPad = "UIInterfaceOrientationLandscapeLeft UIInterfaceOrientationLandscapeRight UIInterfaceOrientationPortrait UIInterfaceOrientationPortraitUpsideDown";
				IPHONEOS_DEPLOYMENT_TARGET = 15.6;
				LD_RUNPATH_SEARCH_PATHS = (
					"$(inherited)",
					"@executable_path/Frameworks",
				);
				MARKETING_VERSION = 1.0;
				PRODUCT_BUNDLE_IDENTIFIER = Technopark.PokaNetFilms;
				PRODUCT_NAME = "$(TARGET_NAME)";
				SUPPORTED_PLATFORMS = "iphoneos iphonesimulator";
				SUPPORTS_MACCATALYST = NO;
				SUPPORTS_MAC_DESIGNED_FOR_IPHONE_IPAD = NO;
				SWIFT_EMIT_LOC_STRINGS = YES;
				SWIFT_VERSION = 5.0;
				TARGETED_DEVICE_FAMILY = 1;
			};
			name = Debug;
		};
		747BBFD72AF31595003AC739 /* Release */ = {
			isa = XCBuildConfiguration;
			buildSettings = {
				ASSETCATALOG_COMPILER_APPICON_NAME = AppIcon;
				ASSETCATALOG_COMPILER_GLOBAL_ACCENT_COLOR_NAME = AccentColor;
				CODE_SIGN_STYLE = Automatic;
				CURRENT_PROJECT_VERSION = 1;
				GENERATE_INFOPLIST_FILE = YES;
				INFOPLIST_FILE = PokaNetFilms/SupportingFiles/Info.plist;
				INFOPLIST_KEY_UIApplicationSupportsIndirectInputEvents = YES;
				INFOPLIST_KEY_UILaunchStoryboardName = LaunchScreen;
				INFOPLIST_KEY_UIMainStoryboardFile = "";
				INFOPLIST_KEY_UISupportedInterfaceOrientations = UIInterfaceOrientationPortrait;
				INFOPLIST_KEY_UISupportedInterfaceOrientations_iPad = "UIInterfaceOrientationLandscapeLeft UIInterfaceOrientationLandscapeRight UIInterfaceOrientationPortrait UIInterfaceOrientationPortraitUpsideDown";
				IPHONEOS_DEPLOYMENT_TARGET = 15.6;
				LD_RUNPATH_SEARCH_PATHS = (
					"$(inherited)",
					"@executable_path/Frameworks",
				);
				MARKETING_VERSION = 1.0;
				PRODUCT_BUNDLE_IDENTIFIER = Technopark.PokaNetFilms;
				PRODUCT_NAME = "$(TARGET_NAME)";
				SUPPORTED_PLATFORMS = "iphoneos iphonesimulator";
				SUPPORTS_MACCATALYST = NO;
				SUPPORTS_MAC_DESIGNED_FOR_IPHONE_IPAD = NO;
				SWIFT_EMIT_LOC_STRINGS = YES;
				SWIFT_VERSION = 5.0;
				TARGETED_DEVICE_FAMILY = 1;
			};
			name = Release;
		};
/* End XCBuildConfiguration section */

/* Begin XCConfigurationList section */
		747BBFB92AF31594003AC739 /* Build configuration list for PBXProject "PokaNetFilms" */ = {
			isa = XCConfigurationList;
			buildConfigurations = (
				747BBFD32AF31595003AC739 /* Debug */,
				747BBFD42AF31595003AC739 /* Release */,
			);
			defaultConfigurationIsVisible = 0;
			defaultConfigurationName = Release;
		};
		747BBFD52AF31595003AC739 /* Build configuration list for PBXNativeTarget "PokaNetFilms" */ = {
			isa = XCConfigurationList;
			buildConfigurations = (
				747BBFD62AF31595003AC739 /* Debug */,
				747BBFD72AF31595003AC739 /* Release */,
			);
			defaultConfigurationIsVisible = 0;
			defaultConfigurationName = Release;
		};
/* End XCConfigurationList section */

/* Begin XCVersionGroup section */
		747BBFCA2AF31594003AC739 /* PokaNetFilms.xcdatamodeld */ = {
			isa = XCVersionGroup;
			children = (
				747BBFCB2AF31594003AC739 /* PokaNetFilms.xcdatamodel */,
			);
			currentVersion = 747BBFCB2AF31594003AC739 /* PokaNetFilms.xcdatamodel */;
			path = PokaNetFilms.xcdatamodeld;
			sourceTree = "<group>";
			versionGroupType = wrapper.xcdatamodel;
		};
/* End XCVersionGroup section */
	};
	rootObject = 747BBFB62AF31594003AC739 /* Project object */;
}
